
Microsoft Visual Studio Solution File, Format Version 12.00
# Visual Studio Version 17
VisualStudioVersion = 17.5.33424.131
MinimumVisualStudioVersion = 10.0.40219.1
Project("{FAE04EC0-301F-11D3-BF4B-00C04F79EFBC}") = "oop-adventure", "oop-adventure.csproj", "{EA2F7E64-5E56-411D-ABAA-3A969F0DA45B}"
EndProject
Global
	GlobalSection(SolutionConfigurationPlatforms) = preSolution
		Debug|Any CPU = Debug|Any CPU
		Release|Any CPU = Release|Any CPU
	EndGlobalSection
	GlobalSection(ProjectConfigurationPlatforms) = postSolution
		{EA2F7E64-5E56-411D-ABAA-3A969F0DA45B}.Debug|Any CPU.ActiveCfg = Debug|Any CPU
		{EA2F7E64-5E56-411D-ABAA-3A969F0DA45B}.Debug|Any CPU.Build.0 = Debug|Any CPU
		{EA2F7E64-5E56-411D-ABAA-3A969F0DA45B}.Release|Any CPU.ActiveCfg = Release|Any CPU
		{EA2F7E64-5E56-411D-ABAA-3A969F0DA45B}.Release|Any CPU.Build.0 = Release|Any CPU
	EndGlobalSection
	GlobalSection(SolutionProperties) = preSolution
		HideSolutionNode = FALSE
	EndGlobalSection
	GlobalSection(ExtensibilityGlobals) = postSolution
		SolutionGuid = {3DCC5629-D5E4-4AF4-9AEA-F543BC011099}
	EndGlobalSection
EndGlobal
